# This file is automatically @generated by Cargo.
# It is not intended for manual editing.
[[package]]
name = "lmviewer"
version = "0.1.0"
dependencies = [
 "logpacket",
]

[[package]]
name = "logpacket"
version = "0.1.0"
source = "git+https://github.com/aarch64-switch-rs/logpacket#eb8b99fcb822f396f6fd937b9d2efd46d85a6061"
