# This file is automatically @generated by Cargo.
# It is not intended for manual editing.
[[package]]
name = "lmviewer"
version = "0.1.0"
dependencies = [
 "logpacket",
]

[[package]]
name = "logpacket"
version = "0.1.0"
source = "git+https://github.com/aarch64-switch-rs/logpacket#d807c993fb4578e3809d91e3484c7d97f59eb3db"
